
Microsoft Visual Studio Solution File, Format Version 12.00
# Visual Studio 14
VisualStudioVersion = 14.0.25420.1
MinimumVisualStudioVersion = 10.0.40219.1
Project("{FAE04EC0-301F-11D3-BF4B-00C04F79EFBC}") = "Crims.Core", "Crims.Core\Crims.Core.csproj", "{7826433E-6266-43CB-9B5A-188A2C04313B}"
EndProject
Project("{FAE04EC0-301F-11D3-BF4B-00C04F79EFBC}") = "Crims.UI.Win.Enroll", "Crims.WinApp\Crims.UI.Win.Enroll.csproj", "{12E379A8-F2D8-484A-95DD-B92FD57CE3AF}"
EndProject
Project("{FAE04EC0-301F-11D3-BF4B-00C04F79EFBC}") = "Crims.API", "Crims.API\Crims.API.csproj", "{65C0E7AA-4663-4A02-98DF-418B395ED688}"
EndProject
Project("{FAE04EC0-301F-11D3-BF4B-00C04F79EFBC}") = "Crims.API.Tests", "Crims.API.Tests\Crims.API.Tests.csproj", "{DDED9B28-1A83-4888-A9A5-3C077F7AF3CD}"
EndProject
Project("{FAE04EC0-301F-11D3-BF4B-00C04F79EFBC}") = "Crims.UI.Web", "Crims.UI.Web\Crims.UI.Web.csproj", "{90B71D6F-5861-4608-BDB5-35DA08FD6090}"
EndProject
Project("{FAE04EC0-301F-11D3-BF4B-00C04F79EFBC}") = "Crims.Data", "Crims.Data\Crims.Data.csproj", "{FA4E45E0-AEEA-4924-8940-EADD910DE55C}"
EndProject
Project("{FAE04EC0-301F-11D3-BF4B-00C04F79EFBC}") = "Crims.UI.Win.Verify", "Crims.UI.Win.Verify\Crims.UI.Win.Verify.csproj", "{7A045A2A-3775-45D5-9B43-62542E6D830C}"
EndProject
Project("{FAE04EC0-301F-11D3-BF4B-00C04F79EFBC}") = "Crims.UI.Win.Main", "Crims.UI.Win.Main\Crims.UI.Win.Main.csproj", "{F7AA3F5B-2E22-4D60-8B4C-C6F4B1195B90}"
EndProject
Project("{FAE04EC0-301F-11D3-BF4B-00C04F79EFBC}") = "Crims.UI.Win.TimeAndAttendance", "Crims.UI.Win.TimeAndAttendance\Crims.UI.Win.TimeAndAttendance.csproj", "{09F7A1D1-93AD-47B7-8C5A-F6919EF275D5}"
EndProject
Project("{FAE04EC0-301F-11D3-BF4B-00C04F79EFBC}") = "Crims.UI.Web.Enroll", "Crims.UI.Web.Enroll\Crims.UI.Web.Enroll.csproj", "{52EF5536-F2CE-4BCA-93EB-0B30BF32812E}"
EndProject
Project("{FAE04EC0-301F-11D3-BF4B-00C04F79EFBC}") = "Crims.Test", "Crims.Test\Crims.Test.csproj", "{6DB7D3AD-F4B6-4F7F-B7C1-1A40513AE4D8}"
EndProject
Global
	GlobalSection(SolutionConfigurationPlatforms) = preSolution
		CD_ROM|Any CPU = CD_ROM|Any CPU
		CD_ROM|x64 = CD_ROM|x64
		CD_ROM|x86 = CD_ROM|x86
		Debug|Any CPU = Debug|Any CPU
		Debug|x64 = Debug|x64
		Debug|x86 = Debug|x86
		DVD-5|Any CPU = DVD-5|Any CPU
		DVD-5|x64 = DVD-5|x64
		DVD-5|x86 = DVD-5|x86
		Release|Any CPU = Release|Any CPU
		Release|x64 = Release|x64
		Release|x86 = Release|x86
		SingleImage|Any CPU = SingleImage|Any CPU
		SingleImage|x64 = SingleImage|x64
		SingleImage|x86 = SingleImage|x86
	EndGlobalSection
	GlobalSection(ProjectConfigurationPlatforms) = postSolution
		{7826433E-6266-43CB-9B5A-188A2C04313B}.CD_ROM|Any CPU.ActiveCfg = Release|Any CPU
		{7826433E-6266-43CB-9B5A-188A2C04313B}.CD_ROM|Any CPU.Build.0 = Release|Any CPU
		{7826433E-6266-43CB-9B5A-188A2C04313B}.CD_ROM|x64.ActiveCfg = Release|Any CPU
		{7826433E-6266-43CB-9B5A-188A2C04313B}.CD_ROM|x64.Build.0 = Release|Any CPU
		{7826433E-6266-43CB-9B5A-188A2C04313B}.CD_ROM|x86.ActiveCfg = Debug|x86
		{7826433E-6266-43CB-9B5A-188A2C04313B}.CD_ROM|x86.Build.0 = Debug|x86
		{7826433E-6266-43CB-9B5A-188A2C04313B}.Debug|Any CPU.ActiveCfg = Debug|Any CPU
		{7826433E-6266-43CB-9B5A-188A2C04313B}.Debug|Any CPU.Build.0 = Debug|Any CPU
		{7826433E-6266-43CB-9B5A-188A2C04313B}.Debug|x64.ActiveCfg = Debug|Any CPU
		{7826433E-6266-43CB-9B5A-188A2C04313B}.Debug|x64.Build.0 = Debug|Any CPU
		{7826433E-6266-43CB-9B5A-188A2C04313B}.Debug|x86.ActiveCfg = Debug|x86
		{7826433E-6266-43CB-9B5A-188A2C04313B}.DVD-5|Any CPU.ActiveCfg = Debug|Any CPU
		{7826433E-6266-43CB-9B5A-188A2C04313B}.DVD-5|Any CPU.Build.0 = Debug|Any CPU
		{7826433E-6266-43CB-9B5A-188A2C04313B}.DVD-5|x64.ActiveCfg = Debug|Any CPU
		{7826433E-6266-43CB-9B5A-188A2C04313B}.DVD-5|x64.Build.0 = Debug|Any CPU
		{7826433E-6266-43CB-9B5A-188A2C04313B}.DVD-5|x86.ActiveCfg = Debug|x86
		{7826433E-6266-43CB-9B5A-188A2C04313B}.DVD-5|x86.Build.0 = Debug|x86
		{7826433E-6266-43CB-9B5A-188A2C04313B}.Release|Any CPU.ActiveCfg = Release|Any CPU
		{7826433E-6266-43CB-9B5A-188A2C04313B}.Release|Any CPU.Build.0 = Release|Any CPU
		{7826433E-6266-43CB-9B5A-188A2C04313B}.Release|x64.ActiveCfg = Release|Any CPU
		{7826433E-6266-43CB-9B5A-188A2C04313B}.Release|x64.Build.0 = Release|Any CPU
		{7826433E-6266-43CB-9B5A-188A2C04313B}.Release|x86.ActiveCfg = Release|x86
		{7826433E-6266-43CB-9B5A-188A2C04313B}.Release|x86.Build.0 = Release|x86
		{7826433E-6266-43CB-9B5A-188A2C04313B}.SingleImage|Any CPU.ActiveCfg = Release|Any CPU
		{7826433E-6266-43CB-9B5A-188A2C04313B}.SingleImage|Any CPU.Build.0 = Release|Any CPU
		{7826433E-6266-43CB-9B5A-188A2C04313B}.SingleImage|x64.ActiveCfg = Release|Any CPU
		{7826433E-6266-43CB-9B5A-188A2C04313B}.SingleImage|x64.Build.0 = Release|Any CPU
		{7826433E-6266-43CB-9B5A-188A2C04313B}.SingleImage|x86.ActiveCfg = Debug|x86
		{7826433E-6266-43CB-9B5A-188A2C04313B}.SingleImage|x86.Build.0 = Debug|x86
		{12E379A8-F2D8-484A-95DD-B92FD57CE3AF}.CD_ROM|Any CPU.ActiveCfg = Release|Any CPU
		{12E379A8-F2D8-484A-95DD-B92FD57CE3AF}.CD_ROM|Any CPU.Build.0 = Release|Any CPU
		{12E379A8-F2D8-484A-95DD-B92FD57CE3AF}.CD_ROM|x64.ActiveCfg = Release|x64
		{12E379A8-F2D8-484A-95DD-B92FD57CE3AF}.CD_ROM|x64.Build.0 = Release|x64
		{12E379A8-F2D8-484A-95DD-B92FD57CE3AF}.CD_ROM|x86.ActiveCfg = Release|x86
		{12E379A8-F2D8-484A-95DD-B92FD57CE3AF}.CD_ROM|x86.Build.0 = Release|x86
		{12E379A8-F2D8-484A-95DD-B92FD57CE3AF}.Debug|Any CPU.ActiveCfg = Debug|x86
		{12E379A8-F2D8-484A-95DD-B92FD57CE3AF}.Debug|Any CPU.Build.0 = Debug|x86
		{12E379A8-F2D8-484A-95DD-B92FD57CE3AF}.Debug|x64.ActiveCfg = Debug|x64
		{12E379A8-F2D8-484A-95DD-B92FD57CE3AF}.Debug|x64.Build.0 = Debug|x64
		{12E379A8-F2D8-484A-95DD-B92FD57CE3AF}.Debug|x86.ActiveCfg = Debug|x86
		{12E379A8-F2D8-484A-95DD-B92FD57CE3AF}.Debug|x86.Build.0 = Debug|x86
		{12E379A8-F2D8-484A-95DD-B92FD57CE3AF}.DVD-5|Any CPU.ActiveCfg = Debug|Any CPU
		{12E379A8-F2D8-484A-95DD-B92FD57CE3AF}.DVD-5|Any CPU.Build.0 = Debug|Any CPU
		{12E379A8-F2D8-484A-95DD-B92FD57CE3AF}.DVD-5|x64.ActiveCfg = Debug|x64
		{12E379A8-F2D8-484A-95DD-B92FD57CE3AF}.DVD-5|x64.Build.0 = Debug|x64
		{12E379A8-F2D8-484A-95DD-B92FD57CE3AF}.DVD-5|x86.ActiveCfg = Debug|x86
		{12E379A8-F2D8-484A-95DD-B92FD57CE3AF}.DVD-5|x86.Build.0 = Debug|x86
		{12E379A8-F2D8-484A-95DD-B92FD57CE3AF}.Release|Any CPU.ActiveCfg = Release|x86
		{12E379A8-F2D8-484A-95DD-B92FD57CE3AF}.Release|Any CPU.Build.0 = Release|x86
		{12E379A8-F2D8-484A-95DD-B92FD57CE3AF}.Release|x64.ActiveCfg = Release|x64
		{12E379A8-F2D8-484A-95DD-B92FD57CE3AF}.Release|x64.Build.0 = Release|x64
		{12E379A8-F2D8-484A-95DD-B92FD57CE3AF}.Release|x86.ActiveCfg = Release|x86
		{12E379A8-F2D8-484A-95DD-B92FD57CE3AF}.Release|x86.Build.0 = Release|x86
		{12E379A8-F2D8-484A-95DD-B92FD57CE3AF}.SingleImage|Any CPU.ActiveCfg = Release|Any CPU
		{12E379A8-F2D8-484A-95DD-B92FD57CE3AF}.SingleImage|Any CPU.Build.0 = Release|Any CPU
		{12E379A8-F2D8-484A-95DD-B92FD57CE3AF}.SingleImage|x64.ActiveCfg = Release|x64
		{12E379A8-F2D8-484A-95DD-B92FD57CE3AF}.SingleImage|x64.Build.0 = Release|x64
		{12E379A8-F2D8-484A-95DD-B92FD57CE3AF}.SingleImage|x86.ActiveCfg = Release|x86
		{12E379A8-F2D8-484A-95DD-B92FD57CE3AF}.SingleImage|x86.Build.0 = Release|x86
		{65C0E7AA-4663-4A02-98DF-418B395ED688}.CD_ROM|Any CPU.ActiveCfg = Release|Any CPU
		{65C0E7AA-4663-4A02-98DF-418B395ED688}.CD_ROM|Any CPU.Build.0 = Release|Any CPU
		{65C0E7AA-4663-4A02-98DF-418B395ED688}.CD_ROM|x64.ActiveCfg = Release|Any CPU
		{65C0E7AA-4663-4A02-98DF-418B395ED688}.CD_ROM|x64.Build.0 = Release|Any CPU
		{65C0E7AA-4663-4A02-98DF-418B395ED688}.CD_ROM|x86.ActiveCfg = Debug|x86
		{65C0E7AA-4663-4A02-98DF-418B395ED688}.CD_ROM|x86.Build.0 = Debug|x86
		{65C0E7AA-4663-4A02-98DF-418B395ED688}.Debug|Any CPU.ActiveCfg = Debug|Any CPU
		{65C0E7AA-4663-4A02-98DF-418B395ED688}.Debug|Any CPU.Build.0 = Debug|Any CPU
		{65C0E7AA-4663-4A02-98DF-418B395ED688}.Debug|x64.ActiveCfg = Debug|Any CPU
		{65C0E7AA-4663-4A02-98DF-418B395ED688}.Debug|x64.Build.0 = Debug|Any CPU
		{65C0E7AA-4663-4A02-98DF-418B395ED688}.Debug|x86.ActiveCfg = Debug|x86
		{65C0E7AA-4663-4A02-98DF-418B395ED688}.Debug|x86.Build.0 = Debug|x86
		{65C0E7AA-4663-4A02-98DF-418B395ED688}.DVD-5|Any CPU.ActiveCfg = Debug|Any CPU
		{65C0E7AA-4663-4A02-98DF-418B395ED688}.DVD-5|Any CPU.Build.0 = Debug|Any CPU
		{65C0E7AA-4663-4A02-98DF-418B395ED688}.DVD-5|x64.ActiveCfg = Debug|Any CPU
		{65C0E7AA-4663-4A02-98DF-418B395ED688}.DVD-5|x64.Build.0 = Debug|Any CPU
		{65C0E7AA-4663-4A02-98DF-418B395ED688}.DVD-5|x86.ActiveCfg = Debug|x86
		{65C0E7AA-4663-4A02-98DF-418B395ED688}.DVD-5|x86.Build.0 = Debug|x86
		{65C0E7AA-4663-4A02-98DF-418B395ED688}.Release|Any CPU.ActiveCfg = Release|Any CPU
		{65C0E7AA-4663-4A02-98DF-418B395ED688}.Release|Any CPU.Build.0 = Release|Any CPU
		{65C0E7AA-4663-4A02-98DF-418B395ED688}.Release|x64.ActiveCfg = Release|Any CPU
		{65C0E7AA-4663-4A02-98DF-418B395ED688}.Release|x64.Build.0 = Release|Any CPU
		{65C0E7AA-4663-4A02-98DF-418B395ED688}.Release|x86.ActiveCfg = Release|x86
		{65C0E7AA-4663-4A02-98DF-418B395ED688}.Release|x86.Build.0 = Release|x86
		{65C0E7AA-4663-4A02-98DF-418B395ED688}.SingleImage|Any CPU.ActiveCfg = Release|Any CPU
		{65C0E7AA-4663-4A02-98DF-418B395ED688}.SingleImage|Any CPU.Build.0 = Release|Any CPU
		{65C0E7AA-4663-4A02-98DF-418B395ED688}.SingleImage|x64.ActiveCfg = Release|Any CPU
		{65C0E7AA-4663-4A02-98DF-418B395ED688}.SingleImage|x64.Build.0 = Release|Any CPU
		{65C0E7AA-4663-4A02-98DF-418B395ED688}.SingleImage|x86.ActiveCfg = Debug|x86
		{65C0E7AA-4663-4A02-98DF-418B395ED688}.SingleImage|x86.Build.0 = Debug|x86
		{DDED9B28-1A83-4888-A9A5-3C077F7AF3CD}.CD_ROM|Any CPU.ActiveCfg = Release|Any CPU
		{DDED9B28-1A83-4888-A9A5-3C077F7AF3CD}.CD_ROM|Any CPU.Build.0 = Release|Any CPU
		{DDED9B28-1A83-4888-A9A5-3C077F7AF3CD}.CD_ROM|x64.ActiveCfg = Release|Any CPU
		{DDED9B28-1A83-4888-A9A5-3C077F7AF3CD}.CD_ROM|x64.Build.0 = Release|Any CPU
		{DDED9B28-1A83-4888-A9A5-3C077F7AF3CD}.CD_ROM|x86.ActiveCfg = Debug|x86
		{DDED9B28-1A83-4888-A9A5-3C077F7AF3CD}.CD_ROM|x86.Build.0 = Debug|x86
		{DDED9B28-1A83-4888-A9A5-3C077F7AF3CD}.Debug|Any CPU.ActiveCfg = Debug|Any CPU
		{DDED9B28-1A83-4888-A9A5-3C077F7AF3CD}.Debug|Any CPU.Build.0 = Debug|Any CPU
		{DDED9B28-1A83-4888-A9A5-3C077F7AF3CD}.Debug|x64.ActiveCfg = Debug|Any CPU
		{DDED9B28-1A83-4888-A9A5-3C077F7AF3CD}.Debug|x64.Build.0 = Debug|Any CPU
		{DDED9B28-1A83-4888-A9A5-3C077F7AF3CD}.Debug|x86.ActiveCfg = Debug|x86
		{DDED9B28-1A83-4888-A9A5-3C077F7AF3CD}.Debug|x86.Build.0 = Debug|x86
		{DDED9B28-1A83-4888-A9A5-3C077F7AF3CD}.DVD-5|Any CPU.ActiveCfg = Debug|Any CPU
		{DDED9B28-1A83-4888-A9A5-3C077F7AF3CD}.DVD-5|Any CPU.Build.0 = Debug|Any CPU
		{DDED9B28-1A83-4888-A9A5-3C077F7AF3CD}.DVD-5|x64.ActiveCfg = Debug|Any CPU
		{DDED9B28-1A83-4888-A9A5-3C077F7AF3CD}.DVD-5|x64.Build.0 = Debug|Any CPU
		{DDED9B28-1A83-4888-A9A5-3C077F7AF3CD}.DVD-5|x86.ActiveCfg = Debug|x86
		{DDED9B28-1A83-4888-A9A5-3C077F7AF3CD}.DVD-5|x86.Build.0 = Debug|x86
		{DDED9B28-1A83-4888-A9A5-3C077F7AF3CD}.Release|Any CPU.ActiveCfg = Release|Any CPU
		{DDED9B28-1A83-4888-A9A5-3C077F7AF3CD}.Release|Any CPU.Build.0 = Release|Any CPU
		{DDED9B28-1A83-4888-A9A5-3C077F7AF3CD}.Release|x64.ActiveCfg = Release|Any CPU
		{DDED9B28-1A83-4888-A9A5-3C077F7AF3CD}.Release|x64.Build.0 = Release|Any CPU
		{DDED9B28-1A83-4888-A9A5-3C077F7AF3CD}.Release|x86.ActiveCfg = Release|x86
		{DDED9B28-1A83-4888-A9A5-3C077F7AF3CD}.Release|x86.Build.0 = Release|x86
		{DDED9B28-1A83-4888-A9A5-3C077F7AF3CD}.SingleImage|Any CPU.ActiveCfg = Release|Any CPU
		{DDED9B28-1A83-4888-A9A5-3C077F7AF3CD}.SingleImage|Any CPU.Build.0 = Release|Any CPU
		{DDED9B28-1A83-4888-A9A5-3C077F7AF3CD}.SingleImage|x64.ActiveCfg = Release|Any CPU
		{DDED9B28-1A83-4888-A9A5-3C077F7AF3CD}.SingleImage|x64.Build.0 = Release|Any CPU
		{DDED9B28-1A83-4888-A9A5-3C077F7AF3CD}.SingleImage|x86.ActiveCfg = Debug|x86
		{DDED9B28-1A83-4888-A9A5-3C077F7AF3CD}.SingleImage|x86.Build.0 = Debug|x86
		{90B71D6F-5861-4608-BDB5-35DA08FD6090}.CD_ROM|Any CPU.ActiveCfg = Release|Any CPU
		{90B71D6F-5861-4608-BDB5-35DA08FD6090}.CD_ROM|Any CPU.Build.0 = Release|Any CPU
		{90B71D6F-5861-4608-BDB5-35DA08FD6090}.CD_ROM|x64.ActiveCfg = Release|Any CPU
		{90B71D6F-5861-4608-BDB5-35DA08FD6090}.CD_ROM|x64.Build.0 = Release|Any CPU
		{90B71D6F-5861-4608-BDB5-35DA08FD6090}.CD_ROM|x86.ActiveCfg = Debug|x86
		{90B71D6F-5861-4608-BDB5-35DA08FD6090}.CD_ROM|x86.Build.0 = Debug|x86
		{90B71D6F-5861-4608-BDB5-35DA08FD6090}.Debug|Any CPU.ActiveCfg = Debug|Any CPU
		{90B71D6F-5861-4608-BDB5-35DA08FD6090}.Debug|Any CPU.Build.0 = Debug|Any CPU
		{90B71D6F-5861-4608-BDB5-35DA08FD6090}.Debug|x64.ActiveCfg = Debug|Any CPU
		{90B71D6F-5861-4608-BDB5-35DA08FD6090}.Debug|x64.Build.0 = Debug|Any CPU
		{90B71D6F-5861-4608-BDB5-35DA08FD6090}.Debug|x86.ActiveCfg = Debug|x86
		{90B71D6F-5861-4608-BDB5-35DA08FD6090}.Debug|x86.Build.0 = Debug|x86
		{90B71D6F-5861-4608-BDB5-35DA08FD6090}.DVD-5|Any CPU.ActiveCfg = Debug|Any CPU
		{90B71D6F-5861-4608-BDB5-35DA08FD6090}.DVD-5|Any CPU.Build.0 = Debug|Any CPU
		{90B71D6F-5861-4608-BDB5-35DA08FD6090}.DVD-5|x64.ActiveCfg = Debug|Any CPU
		{90B71D6F-5861-4608-BDB5-35DA08FD6090}.DVD-5|x64.Build.0 = Debug|Any CPU
		{90B71D6F-5861-4608-BDB5-35DA08FD6090}.DVD-5|x86.ActiveCfg = Debug|x86
		{90B71D6F-5861-4608-BDB5-35DA08FD6090}.DVD-5|x86.Build.0 = Debug|x86
		{90B71D6F-5861-4608-BDB5-35DA08FD6090}.Release|Any CPU.ActiveCfg = Release|Any CPU
		{90B71D6F-5861-4608-BDB5-35DA08FD6090}.Release|Any CPU.Build.0 = Release|Any CPU
		{90B71D6F-5861-4608-BDB5-35DA08FD6090}.Release|x64.ActiveCfg = Release|Any CPU
		{90B71D6F-5861-4608-BDB5-35DA08FD6090}.Release|x64.Build.0 = Release|Any CPU
		{90B71D6F-5861-4608-BDB5-35DA08FD6090}.Release|x86.ActiveCfg = Release|x86
		{90B71D6F-5861-4608-BDB5-35DA08FD6090}.Release|x86.Build.0 = Release|x86
		{90B71D6F-5861-4608-BDB5-35DA08FD6090}.SingleImage|Any CPU.ActiveCfg = Release|Any CPU
		{90B71D6F-5861-4608-BDB5-35DA08FD6090}.SingleImage|Any CPU.Build.0 = Release|Any CPU
		{90B71D6F-5861-4608-BDB5-35DA08FD6090}.SingleImage|x64.ActiveCfg = Release|Any CPU
		{90B71D6F-5861-4608-BDB5-35DA08FD6090}.SingleImage|x64.Build.0 = Release|Any CPU
		{90B71D6F-5861-4608-BDB5-35DA08FD6090}.SingleImage|x86.ActiveCfg = Debug|x86
		{90B71D6F-5861-4608-BDB5-35DA08FD6090}.SingleImage|x86.Build.0 = Debug|x86
		{FA4E45E0-AEEA-4924-8940-EADD910DE55C}.CD_ROM|Any CPU.ActiveCfg = Release|Any CPU
		{FA4E45E0-AEEA-4924-8940-EADD910DE55C}.CD_ROM|Any CPU.Build.0 = Release|Any CPU
		{FA4E45E0-AEEA-4924-8940-EADD910DE55C}.CD_ROM|x64.ActiveCfg = Release|Any CPU
		{FA4E45E0-AEEA-4924-8940-EADD910DE55C}.CD_ROM|x64.Build.0 = Release|Any CPU
		{FA4E45E0-AEEA-4924-8940-EADD910DE55C}.CD_ROM|x86.ActiveCfg = Debug|x86
		{FA4E45E0-AEEA-4924-8940-EADD910DE55C}.CD_ROM|x86.Build.0 = Debug|x86
		{FA4E45E0-AEEA-4924-8940-EADD910DE55C}.Debug|Any CPU.ActiveCfg = Debug|Any CPU
		{FA4E45E0-AEEA-4924-8940-EADD910DE55C}.Debug|Any CPU.Build.0 = Debug|Any CPU
		{FA4E45E0-AEEA-4924-8940-EADD910DE55C}.Debug|x64.ActiveCfg = Debug|Any CPU
		{FA4E45E0-AEEA-4924-8940-EADD910DE55C}.Debug|x64.Build.0 = Debug|Any CPU
		{FA4E45E0-AEEA-4924-8940-EADD910DE55C}.Debug|x86.ActiveCfg = Debug|x86
		{FA4E45E0-AEEA-4924-8940-EADD910DE55C}.Debug|x86.Build.0 = Debug|x86
		{FA4E45E0-AEEA-4924-8940-EADD910DE55C}.DVD-5|Any CPU.ActiveCfg = Debug|Any CPU
		{FA4E45E0-AEEA-4924-8940-EADD910DE55C}.DVD-5|Any CPU.Build.0 = Debug|Any CPU
		{FA4E45E0-AEEA-4924-8940-EADD910DE55C}.DVD-5|x64.ActiveCfg = Debug|Any CPU
		{FA4E45E0-AEEA-4924-8940-EADD910DE55C}.DVD-5|x64.Build.0 = Debug|Any CPU
		{FA4E45E0-AEEA-4924-8940-EADD910DE55C}.DVD-5|x86.ActiveCfg = Debug|x86
		{FA4E45E0-AEEA-4924-8940-EADD910DE55C}.DVD-5|x86.Build.0 = Debug|x86
		{FA4E45E0-AEEA-4924-8940-EADD910DE55C}.Release|Any CPU.ActiveCfg = Release|Any CPU
		{FA4E45E0-AEEA-4924-8940-EADD910DE55C}.Release|Any CPU.Build.0 = Release|Any CPU
		{FA4E45E0-AEEA-4924-8940-EADD910DE55C}.Release|x64.ActiveCfg = Release|Any CPU
		{FA4E45E0-AEEA-4924-8940-EADD910DE55C}.Release|x64.Build.0 = Release|Any CPU
		{FA4E45E0-AEEA-4924-8940-EADD910DE55C}.Release|x86.ActiveCfg = Release|x86
		{FA4E45E0-AEEA-4924-8940-EADD910DE55C}.Release|x86.Build.0 = Release|x86
		{FA4E45E0-AEEA-4924-8940-EADD910DE55C}.SingleImage|Any CPU.ActiveCfg = Release|Any CPU
		{FA4E45E0-AEEA-4924-8940-EADD910DE55C}.SingleImage|Any CPU.Build.0 = Release|Any CPU
		{FA4E45E0-AEEA-4924-8940-EADD910DE55C}.SingleImage|x64.ActiveCfg = Release|Any CPU
		{FA4E45E0-AEEA-4924-8940-EADD910DE55C}.SingleImage|x64.Build.0 = Release|Any CPU
		{FA4E45E0-AEEA-4924-8940-EADD910DE55C}.SingleImage|x86.ActiveCfg = Debug|x86
		{FA4E45E0-AEEA-4924-8940-EADD910DE55C}.SingleImage|x86.Build.0 = Debug|x86
		{7A045A2A-3775-45D5-9B43-62542E6D830C}.CD_ROM|Any CPU.ActiveCfg = Release|Any CPU
		{7A045A2A-3775-45D5-9B43-62542E6D830C}.CD_ROM|Any CPU.Build.0 = Release|Any CPU
		{7A045A2A-3775-45D5-9B43-62542E6D830C}.CD_ROM|x64.ActiveCfg = Release|Any CPU
		{7A045A2A-3775-45D5-9B43-62542E6D830C}.CD_ROM|x64.Build.0 = Release|Any CPU
		{7A045A2A-3775-45D5-9B43-62542E6D830C}.CD_ROM|x86.ActiveCfg = Debug|x86
		{7A045A2A-3775-45D5-9B43-62542E6D830C}.CD_ROM|x86.Build.0 = Debug|x86
		{7A045A2A-3775-45D5-9B43-62542E6D830C}.Debug|Any CPU.ActiveCfg = Debug|Any CPU
		{7A045A2A-3775-45D5-9B43-62542E6D830C}.Debug|Any CPU.Build.0 = Debug|Any CPU
		{7A045A2A-3775-45D5-9B43-62542E6D830C}.Debug|x64.ActiveCfg = Debug|Any CPU
		{7A045A2A-3775-45D5-9B43-62542E6D830C}.Debug|x64.Build.0 = Debug|Any CPU
		{7A045A2A-3775-45D5-9B43-62542E6D830C}.Debug|x86.ActiveCfg = Debug|x86
		{7A045A2A-3775-45D5-9B43-62542E6D830C}.Debug|x86.Build.0 = Debug|x86
		{7A045A2A-3775-45D5-9B43-62542E6D830C}.DVD-5|Any CPU.ActiveCfg = Debug|Any CPU
		{7A045A2A-3775-45D5-9B43-62542E6D830C}.DVD-5|Any CPU.Build.0 = Debug|Any CPU
		{7A045A2A-3775-45D5-9B43-62542E6D830C}.DVD-5|x64.ActiveCfg = Debug|Any CPU
		{7A045A2A-3775-45D5-9B43-62542E6D830C}.DVD-5|x64.Build.0 = Debug|Any CPU
		{7A045A2A-3775-45D5-9B43-62542E6D830C}.DVD-5|x86.ActiveCfg = Debug|x86
		{7A045A2A-3775-45D5-9B43-62542E6D830C}.DVD-5|x86.Build.0 = Debug|x86
		{7A045A2A-3775-45D5-9B43-62542E6D830C}.Release|Any CPU.ActiveCfg = Release|Any CPU
		{7A045A2A-3775-45D5-9B43-62542E6D830C}.Release|Any CPU.Build.0 = Release|Any CPU
		{7A045A2A-3775-45D5-9B43-62542E6D830C}.Release|x64.ActiveCfg = Release|Any CPU
		{7A045A2A-3775-45D5-9B43-62542E6D830C}.Release|x64.Build.0 = Release|Any CPU
		{7A045A2A-3775-45D5-9B43-62542E6D830C}.Release|x86.ActiveCfg = Release|x86
		{7A045A2A-3775-45D5-9B43-62542E6D830C}.Release|x86.Build.0 = Release|x86
		{7A045A2A-3775-45D5-9B43-62542E6D830C}.SingleImage|Any CPU.ActiveCfg = Release|Any CPU
		{7A045A2A-3775-45D5-9B43-62542E6D830C}.SingleImage|Any CPU.Build.0 = Release|Any CPU
		{7A045A2A-3775-45D5-9B43-62542E6D830C}.SingleImage|x64.ActiveCfg = Release|Any CPU
		{7A045A2A-3775-45D5-9B43-62542E6D830C}.SingleImage|x64.Build.0 = Release|Any CPU
		{7A045A2A-3775-45D5-9B43-62542E6D830C}.SingleImage|x86.ActiveCfg = Debug|x86
		{7A045A2A-3775-45D5-9B43-62542E6D830C}.SingleImage|x86.Build.0 = Debug|x86
		{F7AA3F5B-2E22-4D60-8B4C-C6F4B1195B90}.CD_ROM|Any CPU.ActiveCfg = Release|Any CPU
		{F7AA3F5B-2E22-4D60-8B4C-C6F4B1195B90}.CD_ROM|Any CPU.Build.0 = Release|Any CPU
		{F7AA3F5B-2E22-4D60-8B4C-C6F4B1195B90}.CD_ROM|x64.ActiveCfg = Release|Any CPU
		{F7AA3F5B-2E22-4D60-8B4C-C6F4B1195B90}.CD_ROM|x64.Build.0 = Release|Any CPU
		{F7AA3F5B-2E22-4D60-8B4C-C6F4B1195B90}.CD_ROM|x86.ActiveCfg = Debug|x86
		{F7AA3F5B-2E22-4D60-8B4C-C6F4B1195B90}.CD_ROM|x86.Build.0 = Debug|x86
		{F7AA3F5B-2E22-4D60-8B4C-C6F4B1195B90}.Debug|Any CPU.ActiveCfg = Debug|Any CPU
		{F7AA3F5B-2E22-4D60-8B4C-C6F4B1195B90}.Debug|Any CPU.Build.0 = Debug|Any CPU
		{F7AA3F5B-2E22-4D60-8B4C-C6F4B1195B90}.Debug|x64.ActiveCfg = Debug|Any CPU
		{F7AA3F5B-2E22-4D60-8B4C-C6F4B1195B90}.Debug|x64.Build.0 = Debug|Any CPU
		{F7AA3F5B-2E22-4D60-8B4C-C6F4B1195B90}.Debug|x86.ActiveCfg = Debug|x86
		{F7AA3F5B-2E22-4D60-8B4C-C6F4B1195B90}.Debug|x86.Build.0 = Debug|x86
		{F7AA3F5B-2E22-4D60-8B4C-C6F4B1195B90}.DVD-5|Any CPU.ActiveCfg = Debug|Any CPU
		{F7AA3F5B-2E22-4D60-8B4C-C6F4B1195B90}.DVD-5|Any CPU.Build.0 = Debug|Any CPU
		{F7AA3F5B-2E22-4D60-8B4C-C6F4B1195B90}.DVD-5|x64.ActiveCfg = Debug|Any CPU
		{F7AA3F5B-2E22-4D60-8B4C-C6F4B1195B90}.DVD-5|x64.Build.0 = Debug|Any CPU
		{F7AA3F5B-2E22-4D60-8B4C-C6F4B1195B90}.DVD-5|x86.ActiveCfg = Debug|x86
		{F7AA3F5B-2E22-4D60-8B4C-C6F4B1195B90}.DVD-5|x86.Build.0 = Debug|x86
		{F7AA3F5B-2E22-4D60-8B4C-C6F4B1195B90}.Release|Any CPU.ActiveCfg = Release|Any CPU
		{F7AA3F5B-2E22-4D60-8B4C-C6F4B1195B90}.Release|Any CPU.Build.0 = Release|Any CPU
		{F7AA3F5B-2E22-4D60-8B4C-C6F4B1195B90}.Release|x64.ActiveCfg = Release|Any CPU
		{F7AA3F5B-2E22-4D60-8B4C-C6F4B1195B90}.Release|x64.Build.0 = Release|Any CPU
		{F7AA3F5B-2E22-4D60-8B4C-C6F4B1195B90}.Release|x86.ActiveCfg = Release|x86
		{F7AA3F5B-2E22-4D60-8B4C-C6F4B1195B90}.Release|x86.Build.0 = Release|x86
		{F7AA3F5B-2E22-4D60-8B4C-C6F4B1195B90}.SingleImage|Any CPU.ActiveCfg = Release|Any CPU
		{F7AA3F5B-2E22-4D60-8B4C-C6F4B1195B90}.SingleImage|Any CPU.Build.0 = Release|Any CPU
		{F7AA3F5B-2E22-4D60-8B4C-C6F4B1195B90}.SingleImage|x64.ActiveCfg = Release|Any CPU
		{F7AA3F5B-2E22-4D60-8B4C-C6F4B1195B90}.SingleImage|x64.Build.0 = Release|Any CPU
		{F7AA3F5B-2E22-4D60-8B4C-C6F4B1195B90}.SingleImage|x86.ActiveCfg = Debug|x86
		{F7AA3F5B-2E22-4D60-8B4C-C6F4B1195B90}.SingleImage|x86.Build.0 = Debug|x86
		{09F7A1D1-93AD-47B7-8C5A-F6919EF275D5}.CD_ROM|Any CPU.ActiveCfg = Release|Any CPU
		{09F7A1D1-93AD-47B7-8C5A-F6919EF275D5}.CD_ROM|Any CPU.Build.0 = Release|Any CPU
		{09F7A1D1-93AD-47B7-8C5A-F6919EF275D5}.CD_ROM|x64.ActiveCfg = Release|Any CPU
		{09F7A1D1-93AD-47B7-8C5A-F6919EF275D5}.CD_ROM|x64.Build.0 = Release|Any CPU
		{09F7A1D1-93AD-47B7-8C5A-F6919EF275D5}.CD_ROM|x86.ActiveCfg = Debug|x86
		{09F7A1D1-93AD-47B7-8C5A-F6919EF275D5}.CD_ROM|x86.Build.0 = Debug|x86
		{09F7A1D1-93AD-47B7-8C5A-F6919EF275D5}.Debug|Any CPU.ActiveCfg = Debug|Any CPU
		{09F7A1D1-93AD-47B7-8C5A-F6919EF275D5}.Debug|Any CPU.Build.0 = Debug|Any CPU
		{09F7A1D1-93AD-47B7-8C5A-F6919EF275D5}.Debug|x64.ActiveCfg = Debug|Any CPU
		{09F7A1D1-93AD-47B7-8C5A-F6919EF275D5}.Debug|x64.Build.0 = Debug|Any CPU
		{09F7A1D1-93AD-47B7-8C5A-F6919EF275D5}.Debug|x86.ActiveCfg = Debug|x86
		{09F7A1D1-93AD-47B7-8C5A-F6919EF275D5}.Debug|x86.Build.0 = Debug|x86
		{09F7A1D1-93AD-47B7-8C5A-F6919EF275D5}.DVD-5|Any CPU.ActiveCfg = Debug|Any CPU
		{09F7A1D1-93AD-47B7-8C5A-F6919EF275D5}.DVD-5|Any CPU.Build.0 = Debug|Any CPU
		{09F7A1D1-93AD-47B7-8C5A-F6919EF275D5}.DVD-5|x64.ActiveCfg = Debug|Any CPU
		{09F7A1D1-93AD-47B7-8C5A-F6919EF275D5}.DVD-5|x64.Build.0 = Debug|Any CPU
		{09F7A1D1-93AD-47B7-8C5A-F6919EF275D5}.DVD-5|x86.ActiveCfg = Debug|x86
		{09F7A1D1-93AD-47B7-8C5A-F6919EF275D5}.DVD-5|x86.Build.0 = Debug|x86
		{09F7A1D1-93AD-47B7-8C5A-F6919EF275D5}.Release|Any CPU.ActiveCfg = Release|Any CPU
		{09F7A1D1-93AD-47B7-8C5A-F6919EF275D5}.Release|Any CPU.Build.0 = Release|Any CPU
		{09F7A1D1-93AD-47B7-8C5A-F6919EF275D5}.Release|x64.ActiveCfg = Release|Any CPU
		{09F7A1D1-93AD-47B7-8C5A-F6919EF275D5}.Release|x64.Build.0 = Release|Any CPU
		{09F7A1D1-93AD-47B7-8C5A-F6919EF275D5}.Release|x86.ActiveCfg = Release|x86
		{09F7A1D1-93AD-47B7-8C5A-F6919EF275D5}.Release|x86.Build.0 = Release|x86
		{09F7A1D1-93AD-47B7-8C5A-F6919EF275D5}.SingleImage|Any CPU.ActiveCfg = Release|Any CPU
		{09F7A1D1-93AD-47B7-8C5A-F6919EF275D5}.SingleImage|Any CPU.Build.0 = Release|Any CPU
		{09F7A1D1-93AD-47B7-8C5A-F6919EF275D5}.SingleImage|x64.ActiveCfg = Release|Any CPU
		{09F7A1D1-93AD-47B7-8C5A-F6919EF275D5}.SingleImage|x64.Build.0 = Release|Any CPU
		{09F7A1D1-93AD-47B7-8C5A-F6919EF275D5}.SingleImage|x86.ActiveCfg = Debug|x86
		{09F7A1D1-93AD-47B7-8C5A-F6919EF275D5}.SingleImage|x86.Build.0 = Debug|x86
		{52EF5536-F2CE-4BCA-93EB-0B30BF32812E}.CD_ROM|Any CPU.ActiveCfg = Release|Any CPU
		{52EF5536-F2CE-4BCA-93EB-0B30BF32812E}.CD_ROM|Any CPU.Build.0 = Release|Any CPU
		{52EF5536-F2CE-4BCA-93EB-0B30BF32812E}.CD_ROM|x64.ActiveCfg = Release|Any CPU
		{52EF5536-F2CE-4BCA-93EB-0B30BF32812E}.CD_ROM|x64.Build.0 = Release|Any CPU
		{52EF5536-F2CE-4BCA-93EB-0B30BF32812E}.CD_ROM|x86.ActiveCfg = Debug|x86
		{52EF5536-F2CE-4BCA-93EB-0B30BF32812E}.CD_ROM|x86.Build.0 = Debug|x86
		{52EF5536-F2CE-4BCA-93EB-0B30BF32812E}.Debug|Any CPU.ActiveCfg = Debug|Any CPU
		{52EF5536-F2CE-4BCA-93EB-0B30BF32812E}.Debug|Any CPU.Build.0 = Debug|Any CPU
		{52EF5536-F2CE-4BCA-93EB-0B30BF32812E}.Debug|x64.ActiveCfg = Debug|Any CPU
		{52EF5536-F2CE-4BCA-93EB-0B30BF32812E}.Debug|x64.Build.0 = Debug|Any CPU
		{52EF5536-F2CE-4BCA-93EB-0B30BF32812E}.Debug|x86.ActiveCfg = Debug|x86
		{52EF5536-F2CE-4BCA-93EB-0B30BF32812E}.Debug|x86.Build.0 = Debug|x86
		{52EF5536-F2CE-4BCA-93EB-0B30BF32812E}.DVD-5|Any CPU.ActiveCfg = Debug|Any CPU
		{52EF5536-F2CE-4BCA-93EB-0B30BF32812E}.DVD-5|Any CPU.Build.0 = Debug|Any CPU
		{52EF5536-F2CE-4BCA-93EB-0B30BF32812E}.DVD-5|x64.ActiveCfg = Debug|Any CPU
		{52EF5536-F2CE-4BCA-93EB-0B30BF32812E}.DVD-5|x64.Build.0 = Debug|Any CPU
		{52EF5536-F2CE-4BCA-93EB-0B30BF32812E}.DVD-5|x86.ActiveCfg = Debug|x86
		{52EF5536-F2CE-4BCA-93EB-0B30BF32812E}.DVD-5|x86.Build.0 = Debug|x86
		{52EF5536-F2CE-4BCA-93EB-0B30BF32812E}.Release|Any CPU.ActiveCfg = Release|Any CPU
		{52EF5536-F2CE-4BCA-93EB-0B30BF32812E}.Release|Any CPU.Build.0 = Release|Any CPU
		{52EF5536-F2CE-4BCA-93EB-0B30BF32812E}.Release|x64.ActiveCfg = Release|Any CPU
		{52EF5536-F2CE-4BCA-93EB-0B30BF32812E}.Release|x64.Build.0 = Release|Any CPU
		{52EF5536-F2CE-4BCA-93EB-0B30BF32812E}.Release|x86.ActiveCfg = Release|x86
		{52EF5536-F2CE-4BCA-93EB-0B30BF32812E}.Release|x86.Build.0 = Release|x86
		{52EF5536-F2CE-4BCA-93EB-0B30BF32812E}.SingleImage|Any CPU.ActiveCfg = Release|Any CPU
		{52EF5536-F2CE-4BCA-93EB-0B30BF32812E}.SingleImage|Any CPU.Build.0 = Release|Any CPU
		{52EF5536-F2CE-4BCA-93EB-0B30BF32812E}.SingleImage|x64.ActiveCfg = Release|Any CPU
		{52EF5536-F2CE-4BCA-93EB-0B30BF32812E}.SingleImage|x64.Build.0 = Release|Any CPU
		{52EF5536-F2CE-4BCA-93EB-0B30BF32812E}.SingleImage|x86.ActiveCfg = Debug|x86
		{52EF5536-F2CE-4BCA-93EB-0B30BF32812E}.SingleImage|x86.Build.0 = Debug|x86
		{6DB7D3AD-F4B6-4F7F-B7C1-1A40513AE4D8}.CD_ROM|Any CPU.ActiveCfg = Release|Any CPU
		{6DB7D3AD-F4B6-4F7F-B7C1-1A40513AE4D8}.CD_ROM|Any CPU.Build.0 = Release|Any CPU
		{6DB7D3AD-F4B6-4F7F-B7C1-1A40513AE4D8}.CD_ROM|x64.ActiveCfg = Release|Any CPU
		{6DB7D3AD-F4B6-4F7F-B7C1-1A40513AE4D8}.CD_ROM|x64.Build.0 = Release|Any CPU
		{6DB7D3AD-F4B6-4F7F-B7C1-1A40513AE4D8}.CD_ROM|x86.ActiveCfg = Debug|x86
		{6DB7D3AD-F4B6-4F7F-B7C1-1A40513AE4D8}.CD_ROM|x86.Build.0 = Debug|x86
		{6DB7D3AD-F4B6-4F7F-B7C1-1A40513AE4D8}.Debug|Any CPU.ActiveCfg = Debug|Any CPU
		{6DB7D3AD-F4B6-4F7F-B7C1-1A40513AE4D8}.Debug|Any CPU.Build.0 = Debug|Any CPU
		{6DB7D3AD-F4B6-4F7F-B7C1-1A40513AE4D8}.Debug|x64.ActiveCfg = Debug|Any CPU
		{6DB7D3AD-F4B6-4F7F-B7C1-1A40513AE4D8}.Debug|x64.Build.0 = Debug|Any CPU
		{6DB7D3AD-F4B6-4F7F-B7C1-1A40513AE4D8}.Debug|x86.ActiveCfg = Debug|x86
		{6DB7D3AD-F4B6-4F7F-B7C1-1A40513AE4D8}.Debug|x86.Build.0 = Debug|x86
		{6DB7D3AD-F4B6-4F7F-B7C1-1A40513AE4D8}.DVD-5|Any CPU.ActiveCfg = Debug|Any CPU
		{6DB7D3AD-F4B6-4F7F-B7C1-1A40513AE4D8}.DVD-5|Any CPU.Build.0 = Debug|Any CPU
		{6DB7D3AD-F4B6-4F7F-B7C1-1A40513AE4D8}.DVD-5|x64.ActiveCfg = Debug|Any CPU
		{6DB7D3AD-F4B6-4F7F-B7C1-1A40513AE4D8}.DVD-5|x64.Build.0 = Debug|Any CPU
		{6DB7D3AD-F4B6-4F7F-B7C1-1A40513AE4D8}.DVD-5|x86.ActiveCfg = Debug|x86
		{6DB7D3AD-F4B6-4F7F-B7C1-1A40513AE4D8}.DVD-5|x86.Build.0 = Debug|x86
		{6DB7D3AD-F4B6-4F7F-B7C1-1A40513AE4D8}.Release|Any CPU.ActiveCfg = Release|Any CPU
		{6DB7D3AD-F4B6-4F7F-B7C1-1A40513AE4D8}.Release|Any CPU.Build.0 = Release|Any CPU
		{6DB7D3AD-F4B6-4F7F-B7C1-1A40513AE4D8}.Release|x64.ActiveCfg = Release|Any CPU
		{6DB7D3AD-F4B6-4F7F-B7C1-1A40513AE4D8}.Release|x64.Build.0 = Release|Any CPU
		{6DB7D3AD-F4B6-4F7F-B7C1-1A40513AE4D8}.Release|x86.ActiveCfg = Release|x86
		{6DB7D3AD-F4B6-4F7F-B7C1-1A40513AE4D8}.Release|x86.Build.0 = Release|x86
		{6DB7D3AD-F4B6-4F7F-B7C1-1A40513AE4D8}.SingleImage|Any CPU.ActiveCfg = Release|Any CPU
		{6DB7D3AD-F4B6-4F7F-B7C1-1A40513AE4D8}.SingleImage|Any CPU.Build.0 = Release|Any CPU
		{6DB7D3AD-F4B6-4F7F-B7C1-1A40513AE4D8}.SingleImage|x64.ActiveCfg = Release|Any CPU
		{6DB7D3AD-F4B6-4F7F-B7C1-1A40513AE4D8}.SingleImage|x64.Build.0 = Release|Any CPU
		{6DB7D3AD-F4B6-4F7F-B7C1-1A40513AE4D8}.SingleImage|x86.ActiveCfg = Debug|x86
		{6DB7D3AD-F4B6-4F7F-B7C1-1A40513AE4D8}.SingleImage|x86.Build.0 = Debug|x86
	EndGlobalSection
	GlobalSection(SolutionProperties) = preSolution
		HideSolutionNode = FALSE
	EndGlobalSection
	GlobalSection(TeamFoundationVersionControl) = preSolution
		SccNumberOfProjects = 12
		SccEnterpriseProvider = {4CA58AB2-18FA-4F8D-95D4-32DDF27D184C}
		SccTeamFoundationServer = http://154.113.0.174:8080/tfs/defaultcollection
		SccLocalPath0 = .
		SccProjectUniqueName1 = Crims.API.Tests\\Crims.API.Tests.csproj
		SccProjectName1 = Crims.API.Tests
		SccLocalPath1 = Crims.API.Tests
		SccProjectUniqueName2 = Crims.API\\Crims.API.csproj
		SccProjectName2 = Crims.API
		SccLocalPath2 = Crims.API
		SccProjectUniqueName3 = Crims.Core\\Crims.Core.csproj
		SccProjectName3 = Crims.Core
		SccLocalPath3 = Crims.Core
		SccProjectUniqueName4 = Crims.Data\\Crims.Data.csproj
		SccProjectName4 = Crims.Data
		SccLocalPath4 = Crims.Data
		SccProjectUniqueName5 = Crims.Test\\Crims.Test.csproj
		SccProjectName5 = Crims.Test
		SccLocalPath5 = Crims.Test
		SccProjectUniqueName6 = Crims.UI.Web.Enroll\\Crims.UI.Web.Enroll.csproj
		SccProjectName6 = Crims.UI.Web.Enroll
		SccLocalPath6 = Crims.UI.Web.Enroll
		SccProjectUniqueName7 = Crims.UI.Web\\Crims.UI.Web.csproj
		SccProjectName7 = Crims.UI.Web
		SccLocalPath7 = Crims.UI.Web
		SccProjectUniqueName8 = Crims.UI.Win.Main\\Crims.UI.Win.Main.csproj
		SccProjectName8 = Crims.UI.Win.Main
		SccLocalPath8 = Crims.UI.Win.Main
		SccProjectUniqueName9 = Crims.UI.Win.TimeAndAttendance\\Crims.UI.Win.TimeAndAttendance.csproj
		SccProjectName9 = Crims.UI.Win.TimeAndAttendance
		SccLocalPath9 = Crims.UI.Win.TimeAndAttendance
		SccProjectUniqueName10 = Crims.UI.Win.Verify\\Crims.UI.Win.Verify.csproj
		SccProjectName10 = Crims.UI.Win.Verify
		SccLocalPath10 = Crims.UI.Win.Verify
		SccProjectUniqueName11 = Crims.WinApp\\Crims.UI.Win.Enroll.csproj
		SccProjectName11 = Crims.WinApp
		SccLocalPath11 = Crims.WinApp
	EndGlobalSection
EndGlobal
